
Microsoft Visual Studio Solution File, Format Version 12.00
# Visual Studio Version 16
VisualStudioVersion = 16.0.30002.166
MinimumVisualStudioVersion = 10.0.40219.1
Project("{FAE04EC0-301F-11D3-BF4B-00C04F79EFBC}") = "InvetPerspectiva", "InvetPerspectiva.csproj", "{153B9290-557F-43B5-9264-81E66FE49412}"
EndProject
Global
	GlobalSection(SolutionConfigurationPlatforms) = preSolution
		Debug|Any CPU = Debug|Any CPU
		Release|Any CPU = Release|Any CPU
	EndGlobalSection
	GlobalSection(ProjectConfigurationPlatforms) = postSolution
		{153B9290-557F-43B5-9264-81E66FE49412}.Debug|Any CPU.ActiveCfg = Debug|Any CPU
		{153B9290-557F-43B5-9264-81E66FE49412}.Debug|Any CPU.Build.0 = Debug|Any CPU
		{153B9290-557F-43B5-9264-81E66FE49412}.Release|Any CPU.ActiveCfg = Release|Any CPU
		{153B9290-557F-43B5-9264-81E66FE49412}.Release|Any CPU.Build.0 = Release|Any CPU
	EndGlobalSection
	GlobalSection(SolutionProperties) = preSolution
		HideSolutionNode = FALSE
	EndGlobalSection
	GlobalSection(ExtensibilityGlobals) = postSolution
		SolutionGuid = {FD285DC9-FC64-4A40-8BBC-E780A2C4F961}
	EndGlobalSection
EndGlobal
